// !$*UTF8*$!
{
	archiveVersion = 1;
	classes = {
	};
	objectVersion = 50;
	objects = {

/* Begin PBXBuildFile section */
		04A68C81253F11E6003F0326 /* AppDelegate.swift in Sources */ = {isa = PBXBuildFile; fileRef = 04A68C80253F11E6003F0326 /* AppDelegate.swift */; };
		04A68C83253F11E6003F0326 /* SceneDelegate.swift in Sources */ = {isa = PBXBuildFile; fileRef = 04A68C82253F11E6003F0326 /* SceneDelegate.swift */; };
		04A68C85253F11E6003F0326 /* ContentView.swift in Sources */ = {isa = PBXBuildFile; fileRef = 04A68C84253F11E6003F0326 /* ContentView.swift */; };
		04A68C87253F11E9003F0326 /* Assets.xcassets in Resources */ = {isa = PBXBuildFile; fileRef = 04A68C86253F11E9003F0326 /* Assets.xcassets */; };
		04A68C8A253F11E9003F0326 /* Preview Assets.xcassets in Resources */ = {isa = PBXBuildFile; fileRef = 04A68C89253F11E9003F0326 /* Preview Assets.xcassets */; };
		04A68C8D253F11E9003F0326 /* LaunchScreen.storyboard in Resources */ = {isa = PBXBuildFile; fileRef = 04A68C8B253F11E9003F0326 /* LaunchScreen.storyboard */; };
		04A68C95253F12AA003F0326 /* CheckBoxView.swift in Sources */ = {isa = PBXBuildFile; fileRef = 04A68C94253F12AA003F0326 /* CheckBoxView.swift */; };
		04B3F394253F1CBF00917FAA /* CircularCheckBox.swift in Sources */ = {isa = PBXBuildFile; fileRef = 04B3F393253F1CBF00917FAA /* CircularCheckBox.swift */; };
		04B3F396253F1EA000917FAA /* CapsuleCheckBox.swift in Sources */ = {isa = PBXBuildFile; fileRef = 04B3F395253F1EA000917FAA /* CapsuleCheckBox.swift */; };
/* End PBXBuildFile section */

/* Begin PBXFileReference section */
		04A68C7D253F11E6003F0326 /* CheckBoxTemplate.app */ = {isa = PBXFileReference; explicitFileType = wrapper.application; includeInIndex = 0; path = CheckBoxTemplate.app; sourceTree = BUILT_PRODUCTS_DIR; };
		04A68C80253F11E6003F0326 /* AppDelegate.swift */ = {isa = PBXFileReference; lastKnownFileType = sourcecode.swift; path = AppDelegate.swift; sourceTree = "<group>"; };
		04A68C82253F11E6003F0326 /* SceneDelegate.swift */ = {isa = PBXFileReference; lastKnownFileType = sourcecode.swift; path = SceneDelegate.swift; sourceTree = "<group>"; };
		04A68C84253F11E6003F0326 /* ContentView.swift */ = {isa = PBXFileReference; lastKnownFileType = sourcecode.swift; path = ContentView.swift; sourceTree = "<group>"; };
		04A68C86253F11E9003F0326 /* Assets.xcassets */ = {isa = PBXFileReference; lastKnownFileType = folder.assetcatalog; path = Assets.xcassets; sourceTree = "<group>"; };
		04A68C89253F11E9003F0326 /* Preview Assets.xcassets */ = {isa = PBXFileReference; lastKnownFileType = folder.assetcatalog; path = "Preview Assets.xcassets"; sourceTree = "<group>"; };
		04A68C8C253F11E9003F0326 /* Base */ = {isa = PBXFileReference; lastKnownFileType = file.storyboard; name = Base; path = Base.lproj/LaunchScreen.storyboard; sourceTree = "<group>"; };
		04A68C8E253F11E9003F0326 /* Info.plist */ = {isa = PBXFileReference; lastKnownFileType = text.plist.xml; path = Info.plist; sourceTree = "<group>"; };
		04A68C94253F12AA003F0326 /* CheckBoxView.swift */ = {isa = PBXFileReference; lastKnownFileType = sourcecode.swift; path = CheckBoxView.swift; sourceTree = "<group>"; };
		04B3F393253F1CBF00917FAA /* CircularCheckBox.swift */ = {isa = PBXFileReference; lastKnownFileType = sourcecode.swift; path = CircularCheckBox.swift; sourceTree = "<group>"; };
		04B3F395253F1EA000917FAA /* CapsuleCheckBox.swift */ = {isa = PBXFileReference; lastKnownFileType = sourcecode.swift; path = CapsuleCheckBox.swift; sourceTree = "<group>"; };
/* End PBXFileReference section */

/* Begin PBXFrameworksBuildPhase section */
		04A68C7A253F11E6003F0326 /* Frameworks */ = {
			isa = PBXFrameworksBuildPhase;
			buildActionMask = 2147483647;
			files = (
			);
			runOnlyForDeploymentPostprocessing = 0;
		};
/* End PBXFrameworksBuildPhase section */

/* Begin PBXGroup section */
		04A68C74253F11E6003F0326 = {
			isa = PBXGroup;
			children = (
				04B3F395253F1EA000917FAA /* CapsuleCheckBox.swift */,
				04A68C94253F12AA003F0326 /* CheckBoxView.swift */,
				04B3F393253F1CBF00917FAA /* CircularCheckBox.swift */,
				04A68C7F253F11E6003F0326 /* CheckBoxTemplate */,
				04A68C7E253F11E6003F0326 /* Products */,
			);
			sourceTree = "<group>";
		};
		04A68C7E253F11E6003F0326 /* Products */ = {
			isa = PBXGroup;
			children = (
				04A68C7D253F11E6003F0326 /* CheckBoxTemplate.app */,
			);
			name = Products;
			sourceTree = "<group>";
		};
		04A68C7F253F11E6003F0326 /* CheckBoxTemplate */ = {
			isa = PBXGroup;
			children = (
				04A68C80253F11E6003F0326 /* AppDelegate.swift */,
				04A68C82253F11E6003F0326 /* SceneDelegate.swift */,
				04A68C84253F11E6003F0326 /* ContentView.swift */,
				04A68C86253F11E9003F0326 /* Assets.xcassets */,
				04A68C8B253F11E9003F0326 /* LaunchScreen.storyboard */,
				04A68C8E253F11E9003F0326 /* Info.plist */,
				04A68C88253F11E9003F0326 /* Preview Content */,
			);
			path = CheckBoxTemplate;
			sourceTree = "<group>";
		};
		04A68C88253F11E9003F0326 /* Preview Content */ = {
			isa = PBXGroup;
			children = (
				04A68C89253F11E9003F0326 /* Preview Assets.xcassets */,
			);
			path = "Preview Content";
			sourceTree = "<group>";
		};
/* End PBXGroup section */

/* Begin PBXNativeTarget section */
		04A68C7C253F11E6003F0326 /* CheckBoxTemplate */ = {
			isa = PBXNativeTarget;
			buildConfigurationList = 04A68C91253F11E9003F0326 /* Build configuration list for PBXNativeTarget "CheckBoxTemplate" */;
			buildPhases = (
				04A68C79253F11E6003F0326 /* Sources */,
				04A68C7A253F11E6003F0326 /* Frameworks */,
				04A68C7B253F11E6003F0326 /* Resources */,
			);
			buildRules = (
			);
			dependencies = (
			);
			name = CheckBoxTemplate;
			productName = CheckBoxTemplate;
			productReference = 04A68C7D253F11E6003F0326 /* CheckBoxTemplate.app */;
			productType = "com.apple.product-type.application";
		};
/* End PBXNativeTarget section */

/* Begin PBXProject section */
		04A68C75253F11E6003F0326 /* Project object */ = {
			isa = PBXProject;
			attributes = {
				LastSwiftUpdateCheck = 1160;
				LastUpgradeCheck = 1160;
				ORGANIZATIONNAME = Mambilla;
				TargetAttributes = {
					04A68C7C253F11E6003F0326 = {
						CreatedOnToolsVersion = 11.6;
					};
				};
			};
			buildConfigurationList = 04A68C78253F11E6003F0326 /* Build configuration list for PBXProject "CheckBoxTemplate" */;
			compatibilityVersion = "Xcode 9.3";
			developmentRegion = en;
			hasScannedForEncodings = 0;
			knownRegions = (
				en,
				Base,
			);
			mainGroup = 04A68C74253F11E6003F0326;
			productRefGroup = 04A68C7E253F11E6003F0326 /* Products */;
			projectDirPath = "";
			projectRoot = "";
			targets = (
				04A68C7C253F11E6003F0326 /* CheckBoxTemplate */,
			);
		};
/* End PBXProject section */

/* Begin PBXResourcesBuildPhase section */
		04A68C7B253F11E6003F0326 /* Resources */ = {
			isa = PBXResourcesBuildPhase;
			buildActionMask = 2147483647;
			files = (
				04A68C8D253F11E9003F0326 /* LaunchScreen.storyboard in Resources */,
				04A68C8A253F11E9003F0326 /* Preview Assets.xcassets in Resources */,
				04A68C87253F11E9003F0326 /* Assets.xcassets in Resources */,
			);
			runOnlyForDeploymentPostprocessing = 0;
		};
/* End PBXResourcesBuildPhase section */

/* Begin PBXSourcesBuildPhase section */
		04A68C79253F11E6003F0326 /* Sources */ = {
			isa = PBXSourcesBuildPhase;
			buildActionMask = 2147483647;
			files = (
				04A68C81253F11E6003F0326 /* AppDelegate.swift in Sources */,
				04B3F394253F1CBF00917FAA /* CircularCheckBox.swift in Sources */,
				04A68C83253F11E6003F0326 /* SceneDelegate.swift in Sources */,
				04A68C85253F11E6003F0326 /* ContentView.swift in Sources */,
				04B3F396253F1EA000917FAA /* CapsuleCheckBox.swift in Sources */,
				04A68C95253F12AA003F0326 /* CheckBoxView.swift in Sources */,
			);
			runOnlyForDeploymentPostprocessing = 0;
		};
/* End PBXSourcesBuildPhase section */

/* Begin PBXVariantGroup section */
		04A68C8B253F11E9003F0326 /* LaunchScreen.storyboard */ = {
			isa = PBXVariantGroup;
			children = (
				04A68C8C253F11E9003F0326 /* Base */,
			);
			name = LaunchScreen.storyboard;
			sourceTree = "<group>";
		};
/* End PBXVariantGroup section */

/* Begin XCBuildConfiguration section */
		04A68C8F253F11E9003F0326 /* Debug */ = {
			isa = XCBuildConfiguration;
			buildSettings = {
				ALWAYS_SEARCH_USER_PATHS = NO;
				CLANG_ANALYZER_NONNULL = YES;
				CLANG_ANALYZER_NUMBER_OBJECT_CONVERSION = YES_AGGRESSIVE;
				CLANG_CXX_LANGUAGE_STANDARD = "gnu++14";
				CLANG_CXX_LIBRARY = "libc++";
				CLANG_ENABLE_MODULES = YES;
				CLANG_ENABLE_OBJC_ARC = YES;
				CLANG_ENABLE_OBJC_WEAK = YES;
				CLANG_WARN_BLOCK_CAPTURE_AUTORELEASING = YES;
				CLANG_WARN_BOOL_CONVERSION = YES;
				CLANG_WARN_COMMA = YES;
				CLANG_WARN_CONSTANT_CONVERSION = YES;
				CLANG_WARN_DEPRECATED_OBJC_IMPLEMENTATIONS = YES;
				CLANG_WARN_DIRECT_OBJC_ISA_USAGE = YES_ERROR;
				CLANG_WARN_DOCUMENTATION_COMMENTS = YES;
				CLANG_WARN_EMPTY_BODY = YES;
				CLANG_WARN_ENUM_CONVERSION = YES;
				CLANG_WARN_INFINITE_RECURSION = YES;
				CLANG_WARN_INT_CONVERSION = YES;
				CLANG_WARN_NON_LITERAL_NULL_CONVERSION = YES;
				CLANG_WARN_OBJC_IMPLICIT_RETAIN_SELF = YES;
				CLANG_WARN_OBJC_LITERAL_CONVERSION = YES;
				CLANG_WARN_OBJC_ROOT_CLASS = YES_ERROR;
				CLANG_WARN_RANGE_LOOP_ANALYSIS = YES;
				CLANG_WARN_STRICT_PROTOTYPES = YES;
				CLANG_WARN_SUSPICIOUS_MOVE = YES;
				CLANG_WARN_UNGUARDED_AVAILABILITY = YES_AGGRESSIVE;
				CLANG_WARN_UNREACHABLE_CODE = YES;
				CLANG_WARN__DUPLICATE_METHOD_MATCH = YES;
				COPY_PHASE_STRIP = NO;
				DEBUG_INFORMATION_FORMAT = dwarf;
				ENABLE_STRICT_OBJC_MSGSEND = YES;
				ENABLE_TESTABILITY = YES;
				GCC_C_LANGUAGE_STANDARD = gnu11;
				GCC_DYNAMIC_NO_PIC = NO;
				GCC_NO_COMMON_BLOCKS = YES;
				GCC_OPTIMIZATION_LEVEL = 0;
				GCC_PREPROCESSOR_DEFINITIONS = (
					"DEBUG=1",
					"$(inherited)",
				);
				GCC_WARN_64_TO_32_BIT_CONVERSION = YES;
				GCC_WARN_ABOUT_RETURN_TYPE = YES_ERROR;
				GCC_WARN_UNDECLARED_SELECTOR = YES;
				GCC_WARN_UNINITIALIZED_AUTOS = YES_AGGRESSIVE;
				GCC_WARN_UNUSED_FUNCTION = YES;
				GCC_WARN_UNUSED_VARIABLE = YES;
				IPHONEOS_DEPLOYMENT_TARGET = 13.6;
				MTL_ENABLE_DEBUG_INFO = INCLUDE_SOURCE;
				MTL_FAST_MATH = YES;
				ONLY_ACTIVE_ARCH = YES;
				SDKROOT = iphoneos;
				SWIFT_ACTIVE_COMPILATION_CONDITIONS = DEBUG;
				SWIFT_OPTIMIZATION_LEVEL = "-Onone";
			};
			name = Debug;
		};
		04A68C90253F11E9003F0326 /* Release */ = {
			isa = XCBuildConfiguration;
			buildSettings = {
				ALWAYS_SEARCH_USER_PATHS = NO;
				CLANG_ANALYZER_NONNULL = YES;
				CLANG_ANALYZER_NUMBER_OBJECT_CONVERSION = YES_AGGRESSIVE;
				CLANG_CXX_LANGUAGE_STANDARD = "gnu++14";
				CLANG_CXX_LIBRARY = "libc++";
				CLANG_ENABLE_MODULES = YES;
				CLANG_ENABLE_OBJC_ARC = YES;
				CLANG_ENABLE_OBJC_WEAK = YES;
				CLANG_WARN_BLOCK_CAPTURE_AUTORELEASING = YES;
				CLANG_WARN_BOOL_CONVERSION = YES;
				CLANG_WARN_COMMA = YES;
				CLANG_WARN_CONSTANT_CONVERSION = YES;
				CLANG_WARN_DEPRECATED_OBJC_IMPLEMENTATIONS = YES;
				CLANG_WARN_DIRECT_OBJC_ISA_USAGE = YES_ERROR;
				CLANG_WARN_DOCUMENTATION_COMMENTS = YES;
				CLANG_WARN_EMPTY_BODY = YES;
				CLANG_WARN_ENUM_CONVERSION = YES;
				CLANG_WARN_INFINITE_RECURSION = YES;
				CLANG_WARN_INT_CONVERSION = YES;
				CLANG_WARN_NON_LITERAL_NULL_CONVERSION = YES;
				CLANG_WARN_OBJC_IMPLICIT_RETAIN_SELF = YES;
				CLANG_WARN_OBJC_LITERAL_CONVERSION = YES;
				CLANG_WARN_OBJC_ROOT_CLASS = YES_ERROR;
				CLANG_WARN_RANGE_LOOP_ANALYSIS = YES;
				CLANG_WARN_STRICT_PROTOTYPES = YES;
				CLANG_WARN_SUSPICIOUS_MOVE = YES;
				CLANG_WARN_UNGUARDED_AVAILABILITY = YES_AGGRESSIVE;
				CLANG_WARN_UNREACHABLE_CODE = YES;
				CLANG_WARN__DUPLICATE_METHOD_MATCH = YES;
				COPY_PHASE_STRIP = NO;
				DEBUG_INFORMATION_FORMAT = "dwarf-with-dsym";
				ENABLE_NS_ASSERTIONS = NO;
				ENABLE_STRICT_OBJC_MSGSEND = YES;
				GCC_C_LANGUAGE_STANDARD = gnu11;
				GCC_NO_COMMON_BLOCKS = YES;
				GCC_WARN_64_TO_32_BIT_CONVERSION = YES;
				GCC_WARN_ABOUT_RETURN_TYPE = YES_ERROR;
				GCC_WARN_UNDECLARED_SELECTOR = YES;
				GCC_WARN_UNINITIALIZED_AUTOS = YES_AGGRESSIVE;
				GCC_WARN_UNUSED_FUNCTION = YES;
				GCC_WARN_UNUSED_VARIABLE = YES;
				IPHONEOS_DEPLOYMENT_TARGET = 13.6;
				MTL_ENABLE_DEBUG_INFO = NO;
				MTL_FAST_MATH = YES;
				SDKROOT = iphoneos;
				SWIFT_COMPILATION_MODE = wholemodule;
				SWIFT_OPTIMIZATION_LEVEL = "-O";
				VALIDATE_PRODUCT = YES;
			};
			name = Release;
		};
		04A68C92253F11E9003F0326 /* Debug */ = {
			isa = XCBuildConfiguration;
			buildSettings = {
				ASSETCATALOG_COMPILER_APPICON_NAME = AppIcon;
				CODE_SIGN_STYLE = Automatic;
				DEVELOPMENT_ASSET_PATHS = "\"CheckBoxTemplate/Preview Content\"";
				DEVELOPMENT_TEAM = TKZ7E5XD36;
				ENABLE_PREVIEWS = YES;
				INFOPLIST_FILE = CheckBoxTemplate/Info.plist;
				LD_RUNPATH_SEARCH_PATHS = (
					"$(inherited)",
					"@executable_path/Frameworks",
				);
				PRODUCT_BUNDLE_IDENTIFIER = mambilla.com.CheckBoxTemplate;
				PRODUCT_NAME = "$(TARGET_NAME)";
				SWIFT_VERSION = 5.0;
				TARGETED_DEVICE_FAMILY = "1,2";
			};
			name = Debug;
		};
		04A68C93253F11E9003F0326 /* Release */ = {
			isa = XCBuildConfiguration;
			buildSettings = {
				ASSETCATALOG_COMPILER_APPICON_NAME = AppIcon;
				CODE_SIGN_STYLE = Automatic;
				DEVELOPMENT_ASSET_PATHS = "\"CheckBoxTemplate/Preview Content\"";
				DEVELOPMENT_TEAM = TKZ7E5XD36;
				ENABLE_PREVIEWS = YES;
				INFOPLIST_FILE = CheckBoxTemplate/Info.plist;
				LD_RUNPATH_SEARCH_PATHS = (
					"$(inherited)",
					"@executable_path/Frameworks",
				);
				PRODUCT_BUNDLE_IDENTIFIER = mambilla.com.CheckBoxTemplate;
				PRODUCT_NAME = "$(TARGET_NAME)";
				SWIFT_VERSION = 5.0;
				TARGETED_DEVICE_FAMILY = "1,2";
			};
			name = Release;
		};
/* End XCBuildConfiguration section */

/* Begin XCConfigurationList section */
		04A68C78253F11E6003F0326 /* Build configuration list for PBXProject "CheckBoxTemplate" */ = {
			isa = XCConfigurationList;
			buildConfigurations = (
				04A68C8F253F11E9003F0326 /* Debug */,
				04A68C90253F11E9003F0326 /* Release */,
			);
			defaultConfigurationIsVisible = 0;
			defaultConfigurationName = Release;
		};
		04A68C91253F11E9003F0326 /* Build configuration list for PBXNativeTarget "CheckBoxTemplate" */ = {
			isa = XCConfigurationList;
			buildConfigurations = (
				04A68C92253F11E9003F0326 /* Debug */,
				04A68C93253F11E9003F0326 /* Release */,
			);
			defaultConfigurationIsVisible = 0;
			defaultConfigurationName = Release;
		};
/* End XCConfigurationList section */
	};
	rootObject = 04A68C75253F11E6003F0326 /* Project object */;
}
